
Microsoft Visual Studio Solution File, Format Version 12.00
# Visual Studio Express 2012 for Windows Desktop
Project("{FAE04EC0-301F-11D3-BF4B-00C04F79EFBC}") = "ArduinoUploader", "ArduinoUploader\ArduinoUploader.csproj", "{2496E9EE-2D26-489E-972E-9FF483D10831}"
EndProject
Global
	GlobalSection(SolutionConfigurationPlatforms) = preSolution
		Debug|Any CPU = Debug|Any CPU
		Release|Any CPU = Release|Any CPU
	EndGlobalSection
	GlobalSection(ProjectConfigurationPlatforms) = postSolution
		{2496E9EE-2D26-489E-972E-9FF483D10831}.Debug|Any CPU.ActiveCfg = Debug|Any CPU
		{2496E9EE-2D26-489E-972E-9FF483D10831}.Debug|Any CPU.Build.0 = Debug|Any CPU
		{2496E9EE-2D26-489E-972E-9FF483D10831}.Release|Any CPU.ActiveCfg = Release|Any CPU
		{2496E9EE-2D26-489E-972E-9FF483D10831}.Release|Any CPU.Build.0 = Release|Any CPU
	EndGlobalSection
	GlobalSection(SolutionProperties) = preSolution
		HideSolutionNode = FALSE
	EndGlobalSection
EndGlobal
